// !$*UTF8*$!
{
	archiveVersion = 1;
	classes = {
	};
	objectVersion = 50;
	objects = {

/* Begin PBXBuildFile section */
		70505A9321DFF11400EF171F /* UIColor+HexString.m in Sources */ = {isa = PBXBuildFile; fileRef = 70505A9221DFF11400EF171F /* UIColor+HexString.m */; };
		70505A9621DFF75D00EF171F /* UIFont+Extension.m in Sources */ = {isa = PBXBuildFile; fileRef = 70505A9521DFF75D00EF171F /* UIFont+Extension.m */; };
		70505A9A21DFFBD500EF171F /* 04b19.TTF in Resources */ = {isa = PBXBuildFile; fileRef = 70505A9921DFFBD500EF171F /* 04b19.TTF */; };
		70505A9D21DFFC9C00EF171F /* SLFConstants.m in Sources */ = {isa = PBXBuildFile; fileRef = 70505A9C21DFFC9C00EF171F /* SLFConstants.m */; };
		7077B19621E101DF00DFBC14 /* SLFLabel.m in Sources */ = {isa = PBXBuildFile; fileRef = 7077B19521E101DF00DFBC14 /* SLFLabel.m */; };
		7077B19C21E10C6500DFBC14 /* SLFButton.m in Sources */ = {isa = PBXBuildFile; fileRef = 7077B19B21E10C6500DFBC14 /* SLFButton.m */; };
		7077B1A121E1243D00DFBC14 /* GameModesViewController.m in Sources */ = {isa = PBXBuildFile; fileRef = 7077B1A021E1243D00DFBC14 /* GameModesViewController.m */; };
		70EC374721DFD2A5002C6828 /* AppDelegate.m in Sources */ = {isa = PBXBuildFile; fileRef = 70EC374621DFD2A5002C6828 /* AppDelegate.m */; };
		70EC374F21DFD2A6002C6828 /* Assets.xcassets in Resources */ = {isa = PBXBuildFile; fileRef = 70EC374E21DFD2A6002C6828 /* Assets.xcassets */; };
		70EC375221DFD2A6002C6828 /* LaunchScreen.storyboard in Resources */ = {isa = PBXBuildFile; fileRef = 70EC375021DFD2A6002C6828 /* LaunchScreen.storyboard */; };
		70EC375521DFD2A6002C6828 /* main.m in Sources */ = {isa = PBXBuildFile; fileRef = 70EC375421DFD2A6002C6828 /* main.m */; };
		70EC376021DFDCB8002C6828 /* MainViewController.m in Sources */ = {isa = PBXBuildFile; fileRef = 70EC375F21DFDCB8002C6828 /* MainViewController.m */; };
/* End PBXBuildFile section */

/* Begin PBXFileReference section */
		70505A9121DFEFF900EF171F /* UIColor+HexString.h */ = {isa = PBXFileReference; lastKnownFileType = sourcecode.c.h; path = "UIColor+HexString.h"; sourceTree = "<group>"; };
		70505A9221DFF11400EF171F /* UIColor+HexString.m */ = {isa = PBXFileReference; lastKnownFileType = sourcecode.c.objc; path = "UIColor+HexString.m"; sourceTree = "<group>"; };
		70505A9421DFF71800EF171F /* UIFont+Extension.h */ = {isa = PBXFileReference; lastKnownFileType = sourcecode.c.h; path = "UIFont+Extension.h"; sourceTree = "<group>"; };
		70505A9521DFF75D00EF171F /* UIFont+Extension.m */ = {isa = PBXFileReference; lastKnownFileType = sourcecode.c.objc; path = "UIFont+Extension.m"; sourceTree = "<group>"; };
		70505A9921DFFBD500EF171F /* 04b19.TTF */ = {isa = PBXFileReference; lastKnownFileType = file; path = 04b19.TTF; sourceTree = "<group>"; };
		70505A9B21DFFC9200EF171F /* SLFConstants.h */ = {isa = PBXFileReference; lastKnownFileType = sourcecode.c.h; path = SLFConstants.h; sourceTree = "<group>"; };
		70505A9C21DFFC9C00EF171F /* SLFConstants.m */ = {isa = PBXFileReference; lastKnownFileType = sourcecode.c.objc; path = SLFConstants.m; sourceTree = "<group>"; };
		7077B19421E101DF00DFBC14 /* SLFLabel.h */ = {isa = PBXFileReference; lastKnownFileType = sourcecode.c.h; path = SLFLabel.h; sourceTree = "<group>"; };
		7077B19521E101DF00DFBC14 /* SLFLabel.m */ = {isa = PBXFileReference; lastKnownFileType = sourcecode.c.objc; path = SLFLabel.m; sourceTree = "<group>"; };
		7077B19A21E10C6500DFBC14 /* SLFButton.h */ = {isa = PBXFileReference; lastKnownFileType = sourcecode.c.h; path = SLFButton.h; sourceTree = "<group>"; };
		7077B19B21E10C6500DFBC14 /* SLFButton.m */ = {isa = PBXFileReference; lastKnownFileType = sourcecode.c.objc; path = SLFButton.m; sourceTree = "<group>"; };
		7077B19F21E1243D00DFBC14 /* GameModesViewController.h */ = {isa = PBXFileReference; lastKnownFileType = sourcecode.c.h; path = GameModesViewController.h; sourceTree = "<group>"; };
		7077B1A021E1243D00DFBC14 /* GameModesViewController.m */ = {isa = PBXFileReference; lastKnownFileType = sourcecode.c.objc; path = GameModesViewController.m; sourceTree = "<group>"; };
		70EC374221DFD2A5002C6828 /* SooLeeFaa.app */ = {isa = PBXFileReference; explicitFileType = wrapper.application; includeInIndex = 0; path = SooLeeFaa.app; sourceTree = BUILT_PRODUCTS_DIR; };
		70EC374521DFD2A5002C6828 /* AppDelegate.h */ = {isa = PBXFileReference; lastKnownFileType = sourcecode.c.h; path = AppDelegate.h; sourceTree = "<group>"; };
		70EC374621DFD2A5002C6828 /* AppDelegate.m */ = {isa = PBXFileReference; lastKnownFileType = sourcecode.c.objc; path = AppDelegate.m; sourceTree = "<group>"; };
		70EC374E21DFD2A6002C6828 /* Assets.xcassets */ = {isa = PBXFileReference; lastKnownFileType = folder.assetcatalog; path = Assets.xcassets; sourceTree = "<group>"; };
		70EC375121DFD2A6002C6828 /* Base */ = {isa = PBXFileReference; lastKnownFileType = file.storyboard; name = Base; path = Base.lproj/LaunchScreen.storyboard; sourceTree = "<group>"; };
		70EC375321DFD2A6002C6828 /* Info.plist */ = {isa = PBXFileReference; lastKnownFileType = text.plist.xml; path = Info.plist; sourceTree = "<group>"; };
		70EC375421DFD2A6002C6828 /* main.m */ = {isa = PBXFileReference; lastKnownFileType = sourcecode.c.objc; path = main.m; sourceTree = "<group>"; };
		70EC375E21DFDCB8002C6828 /* MainViewController.h */ = {isa = PBXFileReference; lastKnownFileType = sourcecode.c.h; path = MainViewController.h; sourceTree = "<group>"; };
		70EC375F21DFDCB8002C6828 /* MainViewController.m */ = {isa = PBXFileReference; lastKnownFileType = sourcecode.c.objc; path = MainViewController.m; sourceTree = "<group>"; };
/* End PBXFileReference section */

/* Begin PBXFrameworksBuildPhase section */
		70EC373F21DFD2A5002C6828 /* Frameworks */ = {
			isa = PBXFrameworksBuildPhase;
			buildActionMask = 2147483647;
			files = (
			);
			runOnlyForDeploymentPostprocessing = 0;
		};
/* End PBXFrameworksBuildPhase section */

/* Begin PBXGroup section */
		70505A9021DFEE7C00EF171F /* Helpers */ = {
			isa = PBXGroup;
			children = (
				70505A9121DFEFF900EF171F /* UIColor+HexString.h */,
				70505A9221DFF11400EF171F /* UIColor+HexString.m */,
				70505A9421DFF71800EF171F /* UIFont+Extension.h */,
				70505A9521DFF75D00EF171F /* UIFont+Extension.m */,
				70505A9B21DFFC9200EF171F /* SLFConstants.h */,
				70505A9C21DFFC9C00EF171F /* SLFConstants.m */,
			);
			path = Helpers;
			sourceTree = "<group>";
		};
		7077B19221E1017E00DFBC14 /* Components */ = {
			isa = PBXGroup;
			children = (
				7077B19421E101DF00DFBC14 /* SLFLabel.h */,
				7077B19521E101DF00DFBC14 /* SLFLabel.m */,
				7077B19A21E10C6500DFBC14 /* SLFButton.h */,
				7077B19B21E10C6500DFBC14 /* SLFButton.m */,
			);
			path = Components;
			sourceTree = "<group>";
		};
		7077B19E21E1241600DFBC14 /* GameModesScreen */ = {
			isa = PBXGroup;
			children = (
				7077B19F21E1243D00DFBC14 /* GameModesViewController.h */,
				7077B1A021E1243D00DFBC14 /* GameModesViewController.m */,
			);
			path = GameModesScreen;
			sourceTree = "<group>";
		};
		70EC373921DFD2A5002C6828 = {
			isa = PBXGroup;
			children = (
				70EC374421DFD2A5002C6828 /* SooLeeFaa */,
				70EC374321DFD2A5002C6828 /* Products */,
			);
			sourceTree = "<group>";
		};
		70EC374321DFD2A5002C6828 /* Products */ = {
			isa = PBXGroup;
			children = (
				70EC374221DFD2A5002C6828 /* SooLeeFaa.app */,
			);
			name = Products;
			sourceTree = "<group>";
		};
		70EC374421DFD2A5002C6828 /* SooLeeFaa */ = {
			isa = PBXGroup;
			children = (
				70EC374521DFD2A5002C6828 /* AppDelegate.h */,
				70EC374621DFD2A5002C6828 /* AppDelegate.m */,
				70EC375C21DFDBD3002C6828 /* Modules */,
				7077B19221E1017E00DFBC14 /* Components */,
				70505A9021DFEE7C00EF171F /* Helpers */,
				70EC376321DFE61B002C6828 /* Supporting Files */,
			);
			path = SooLeeFaa;
			sourceTree = "<group>";
		};
		70EC375C21DFDBD3002C6828 /* Modules */ = {
			isa = PBXGroup;
			children = (
				7077B19E21E1241600DFBC14 /* GameModesScreen */,
				70EC375D21DFDBE6002C6828 /* MainScreen */,
			);
			path = Modules;
			sourceTree = "<group>";
		};
		70EC375D21DFDBE6002C6828 /* MainScreen */ = {
			isa = PBXGroup;
			children = (
				70EC375E21DFDCB8002C6828 /* MainViewController.h */,
				70EC375F21DFDCB8002C6828 /* MainViewController.m */,
			);
			path = MainScreen;
			sourceTree = "<group>";
		};
		70EC376321DFE61B002C6828 /* Supporting Files */ = {
			isa = PBXGroup;
			children = (
				70EC376421DFE644002C6828 /* Fonts */,
				70EC375021DFD2A6002C6828 /* LaunchScreen.storyboard */,
				70EC375321DFD2A6002C6828 /* Info.plist */,
				70EC375421DFD2A6002C6828 /* main.m */,
				70EC374E21DFD2A6002C6828 /* Assets.xcassets */,
			);
			path = "Supporting Files";
			sourceTree = "<group>";
		};
		70EC376421DFE644002C6828 /* Fonts */ = {
			isa = PBXGroup;
			children = (
				70505A9921DFFBD500EF171F /* 04b19.TTF */,
			);
			path = Fonts;
			sourceTree = "<group>";
		};
/* End PBXGroup section */

/* Begin PBXNativeTarget section */
		70EC374121DFD2A5002C6828 /* SooLeeFaa */ = {
			isa = PBXNativeTarget;
			buildConfigurationList = 70EC375821DFD2A6002C6828 /* Build configuration list for PBXNativeTarget "SooLeeFaa" */;
			buildPhases = (
				70EC373E21DFD2A5002C6828 /* Sources */,
				70EC373F21DFD2A5002C6828 /* Frameworks */,
				70EC374021DFD2A5002C6828 /* Resources */,
			);
			buildRules = (
			);
			dependencies = (
			);
			name = SooLeeFaa;
			productName = SooLeeFaa;
			productReference = 70EC374221DFD2A5002C6828 /* SooLeeFaa.app */;
			productType = "com.apple.product-type.application";
		};
/* End PBXNativeTarget section */

/* Begin PBXProject section */
		70EC373A21DFD2A5002C6828 /* Project object */ = {
			isa = PBXProject;
			attributes = {
				LastUpgradeCheck = 1010;
				ORGANIZATIONNAME = Almas;
				TargetAttributes = {
					70EC374121DFD2A5002C6828 = {
						CreatedOnToolsVersion = 10.1;
					};
				};
			};
			buildConfigurationList = 70EC373D21DFD2A5002C6828 /* Build configuration list for PBXProject "SooLeeFaa" */;
			compatibilityVersion = "Xcode 9.3";
			developmentRegion = en;
			hasScannedForEncodings = 0;
			knownRegions = (
				en,
				Base,
			);
			mainGroup = 70EC373921DFD2A5002C6828;
			productRefGroup = 70EC374321DFD2A5002C6828 /* Products */;
			projectDirPath = "";
			projectRoot = "";
			targets = (
				70EC374121DFD2A5002C6828 /* SooLeeFaa */,
			);
		};
/* End PBXProject section */

/* Begin PBXResourcesBuildPhase section */
		70EC374021DFD2A5002C6828 /* Resources */ = {
			isa = PBXResourcesBuildPhase;
			buildActionMask = 2147483647;
			files = (
				70EC375221DFD2A6002C6828 /* LaunchScreen.storyboard in Resources */,
				70505A9A21DFFBD500EF171F /* 04b19.TTF in Resources */,
				70EC374F21DFD2A6002C6828 /* Assets.xcassets in Resources */,
			);
			runOnlyForDeploymentPostprocessing = 0;
		};
/* End PBXResourcesBuildPhase section */

/* Begin PBXSourcesBuildPhase section */
		70EC373E21DFD2A5002C6828 /* Sources */ = {
			isa = PBXSourcesBuildPhase;
			buildActionMask = 2147483647;
			files = (
				70EC375521DFD2A6002C6828 /* main.m in Sources */,
				70EC374721DFD2A5002C6828 /* AppDelegate.m in Sources */,
				7077B1A121E1243D00DFBC14 /* GameModesViewController.m in Sources */,
				70505A9321DFF11400EF171F /* UIColor+HexString.m in Sources */,
				7077B19621E101DF00DFBC14 /* SLFLabel.m in Sources */,
				70505A9621DFF75D00EF171F /* UIFont+Extension.m in Sources */,
				70EC376021DFDCB8002C6828 /* MainViewController.m in Sources */,
				70505A9D21DFFC9C00EF171F /* SLFConstants.m in Sources */,
				7077B19C21E10C6500DFBC14 /* SLFButton.m in Sources */,
			);
			runOnlyForDeploymentPostprocessing = 0;
		};
/* End PBXSourcesBuildPhase section */

/* Begin PBXVariantGroup section */
		70EC375021DFD2A6002C6828 /* LaunchScreen.storyboard */ = {
			isa = PBXVariantGroup;
			children = (
				70EC375121DFD2A6002C6828 /* Base */,
			);
			name = LaunchScreen.storyboard;
			sourceTree = "<group>";
		};
/* End PBXVariantGroup section */

/* Begin XCBuildConfiguration section */
		70EC375621DFD2A6002C6828 /* Debug */ = {
			isa = XCBuildConfiguration;
			buildSettings = {
				ALWAYS_SEARCH_USER_PATHS = NO;
				CLANG_ANALYZER_NONNULL = YES;
				CLANG_ANALYZER_NUMBER_OBJECT_CONVERSION = YES_AGGRESSIVE;
				CLANG_CXX_LANGUAGE_STANDARD = "gnu++14";
				CLANG_CXX_LIBRARY = "libc++";
				CLANG_ENABLE_MODULES = YES;
				CLANG_ENABLE_OBJC_ARC = YES;
				CLANG_ENABLE_OBJC_WEAK = YES;
				CLANG_WARN_BLOCK_CAPTURE_AUTORELEASING = YES;
				CLANG_WARN_BOOL_CONVERSION = YES;
				CLANG_WARN_COMMA = YES;
				CLANG_WARN_CONSTANT_CONVERSION = YES;
				CLANG_WARN_DEPRECATED_OBJC_IMPLEMENTATIONS = YES;
				CLANG_WARN_DIRECT_OBJC_ISA_USAGE = YES_ERROR;
				CLANG_WARN_DOCUMENTATION_COMMENTS = YES;
				CLANG_WARN_EMPTY_BODY = YES;
				CLANG_WARN_ENUM_CONVERSION = YES;
				CLANG_WARN_INFINITE_RECURSION = YES;
				CLANG_WARN_INT_CONVERSION = YES;
				CLANG_WARN_NON_LITERAL_NULL_CONVERSION = YES;
				CLANG_WARN_OBJC_IMPLICIT_RETAIN_SELF = YES;
				CLANG_WARN_OBJC_LITERAL_CONVERSION = YES;
				CLANG_WARN_OBJC_ROOT_CLASS = YES_ERROR;
				CLANG_WARN_RANGE_LOOP_ANALYSIS = YES;
				CLANG_WARN_STRICT_PROTOTYPES = YES;
				CLANG_WARN_SUSPICIOUS_MOVE = YES;
				CLANG_WARN_UNGUARDED_AVAILABILITY = YES_AGGRESSIVE;
				CLANG_WARN_UNREACHABLE_CODE = YES;
				CLANG_WARN__DUPLICATE_METHOD_MATCH = YES;
				CODE_SIGN_IDENTITY = "iPhone Developer";
				COPY_PHASE_STRIP = NO;
				DEBUG_INFORMATION_FORMAT = dwarf;
				ENABLE_STRICT_OBJC_MSGSEND = YES;
				ENABLE_TESTABILITY = YES;
				GCC_C_LANGUAGE_STANDARD = gnu11;
				GCC_DYNAMIC_NO_PIC = NO;
				GCC_NO_COMMON_BLOCKS = YES;
				GCC_OPTIMIZATION_LEVEL = 0;
				GCC_PREPROCESSOR_DEFINITIONS = (
					"DEBUG=1",
					"$(inherited)",
				);
				GCC_WARN_64_TO_32_BIT_CONVERSION = YES;
				GCC_WARN_ABOUT_RETURN_TYPE = YES_ERROR;
				GCC_WARN_UNDECLARED_SELECTOR = YES;
				GCC_WARN_UNINITIALIZED_AUTOS = YES_AGGRESSIVE;
				GCC_WARN_UNUSED_FUNCTION = YES;
				GCC_WARN_UNUSED_VARIABLE = YES;
				IPHONEOS_DEPLOYMENT_TARGET = 12.1;
				MTL_ENABLE_DEBUG_INFO = INCLUDE_SOURCE;
				MTL_FAST_MATH = YES;
				ONLY_ACTIVE_ARCH = YES;
				SDKROOT = iphoneos;
			};
			name = Debug;
		};
		70EC375721DFD2A6002C6828 /* Release */ = {
			isa = XCBuildConfiguration;
			buildSettings = {
				ALWAYS_SEARCH_USER_PATHS = NO;
				CLANG_ANALYZER_NONNULL = YES;
				CLANG_ANALYZER_NUMBER_OBJECT_CONVERSION = YES_AGGRESSIVE;
				CLANG_CXX_LANGUAGE_STANDARD = "gnu++14";
				CLANG_CXX_LIBRARY = "libc++";
				CLANG_ENABLE_MODULES = YES;
				CLANG_ENABLE_OBJC_ARC = YES;
				CLANG_ENABLE_OBJC_WEAK = YES;
				CLANG_WARN_BLOCK_CAPTURE_AUTORELEASING = YES;
				CLANG_WARN_BOOL_CONVERSION = YES;
				CLANG_WARN_COMMA = YES;
				CLANG_WARN_CONSTANT_CONVERSION = YES;
				CLANG_WARN_DEPRECATED_OBJC_IMPLEMENTATIONS = YES;
				CLANG_WARN_DIRECT_OBJC_ISA_USAGE = YES_ERROR;
				CLANG_WARN_DOCUMENTATION_COMMENTS = YES;
				CLANG_WARN_EMPTY_BODY = YES;
				CLANG_WARN_ENUM_CONVERSION = YES;
				CLANG_WARN_INFINITE_RECURSION = YES;
				CLANG_WARN_INT_CONVERSION = YES;
				CLANG_WARN_NON_LITERAL_NULL_CONVERSION = YES;
				CLANG_WARN_OBJC_IMPLICIT_RETAIN_SELF = YES;
				CLANG_WARN_OBJC_LITERAL_CONVERSION = YES;
				CLANG_WARN_OBJC_ROOT_CLASS = YES_ERROR;
				CLANG_WARN_RANGE_LOOP_ANALYSIS = YES;
				CLANG_WARN_STRICT_PROTOTYPES = YES;
				CLANG_WARN_SUSPICIOUS_MOVE = YES;
				CLANG_WARN_UNGUARDED_AVAILABILITY = YES_AGGRESSIVE;
				CLANG_WARN_UNREACHABLE_CODE = YES;
				CLANG_WARN__DUPLICATE_METHOD_MATCH = YES;
				CODE_SIGN_IDENTITY = "iPhone Developer";
				COPY_PHASE_STRIP = NO;
				DEBUG_INFORMATION_FORMAT = "dwarf-with-dsym";
				ENABLE_NS_ASSERTIONS = NO;
				ENABLE_STRICT_OBJC_MSGSEND = YES;
				GCC_C_LANGUAGE_STANDARD = gnu11;
				GCC_NO_COMMON_BLOCKS = YES;
				GCC_WARN_64_TO_32_BIT_CONVERSION = YES;
				GCC_WARN_ABOUT_RETURN_TYPE = YES_ERROR;
				GCC_WARN_UNDECLARED_SELECTOR = YES;
				GCC_WARN_UNINITIALIZED_AUTOS = YES_AGGRESSIVE;
				GCC_WARN_UNUSED_FUNCTION = YES;
				GCC_WARN_UNUSED_VARIABLE = YES;
				IPHONEOS_DEPLOYMENT_TARGET = 12.1;
				MTL_ENABLE_DEBUG_INFO = NO;
				MTL_FAST_MATH = YES;
				SDKROOT = iphoneos;
				VALIDATE_PRODUCT = YES;
			};
			name = Release;
		};
		70EC375921DFD2A6002C6828 /* Debug */ = {
			isa = XCBuildConfiguration;
			buildSettings = {
				ASSETCATALOG_COMPILER_APPICON_NAME = AppIcon;
				CODE_SIGN_STYLE = Automatic;
				DEVELOPMENT_TEAM = GB6ZBLUXG3;
				INFOPLIST_FILE = "$(SRCROOT)/SooLeeFaa/Supporting Files/Info.plist";
				LD_RUNPATH_SEARCH_PATHS = (
					"$(inherited)",
					"@executable_path/Frameworks",
				);
				PRODUCT_BUNDLE_IDENTIFIER = zainoldin.SooLeeFaa;
				PRODUCT_NAME = "$(TARGET_NAME)";
				TARGETED_DEVICE_FAMILY = "1,2";
			};
			name = Debug;
		};
		70EC375A21DFD2A6002C6828 /* Release */ = {
			isa = XCBuildConfiguration;
			buildSettings = {
				ASSETCATALOG_COMPILER_APPICON_NAME = AppIcon;
				CODE_SIGN_STYLE = Automatic;
				DEVELOPMENT_TEAM = GB6ZBLUXG3;
				INFOPLIST_FILE = "$(SRCROOT)/SooLeeFaa/Supporting Files/Info.plist";
				LD_RUNPATH_SEARCH_PATHS = (
					"$(inherited)",
					"@executable_path/Frameworks",
				);
				PRODUCT_BUNDLE_IDENTIFIER = zainoldin.SooLeeFaa;
				PRODUCT_NAME = "$(TARGET_NAME)";
				TARGETED_DEVICE_FAMILY = "1,2";
			};
			name = Release;
		};
/* End XCBuildConfiguration section */

/* Begin XCConfigurationList section */
		70EC373D21DFD2A5002C6828 /* Build configuration list for PBXProject "SooLeeFaa" */ = {
			isa = XCConfigurationList;
			buildConfigurations = (
				70EC375621DFD2A6002C6828 /* Debug */,
				70EC375721DFD2A6002C6828 /* Release */,
			);
			defaultConfigurationIsVisible = 0;
			defaultConfigurationName = Release;
		};
		70EC375821DFD2A6002C6828 /* Build configuration list for PBXNativeTarget "SooLeeFaa" */ = {
			isa = XCConfigurationList;
			buildConfigurations = (
				70EC375921DFD2A6002C6828 /* Debug */,
				70EC375A21DFD2A6002C6828 /* Release */,
			);
			defaultConfigurationIsVisible = 0;
			defaultConfigurationName = Release;
		};
/* End XCConfigurationList section */
	};
	rootObject = 70EC373A21DFD2A5002C6828 /* Project object */;
}
